
Microsoft Visual Studio Solution File, Format Version 12.00
# Visual Studio Version 17
VisualStudioVersion = 17.6.33829.357
MinimumVisualStudioVersion = 10.0.40219.1
Project("{9A19103F-16F7-4668-BE54-9A1E7A4F7556}") = "1.1", "1.1\1.1.csproj", "{F6CE3A33-8612-41E8-A643-477663A846A1}"
EndProject
Project("{9A19103F-16F7-4668-BE54-9A1E7A4F7556}") = "1.2", "1.2\1.2.csproj", "{A09B06B3-853F-4837-8BA5-5B96AAEC5015}"
EndProject
Project("{9A19103F-16F7-4668-BE54-9A1E7A4F7556}") = "2.1", "2.1\2.1.csproj", "{5AFED4EA-4A93-46BA-806C-93F150411E04}"
EndProject
Project("{9A19103F-16F7-4668-BE54-9A1E7A4F7556}") = "2.2", "2.2\2.2.csproj", "{D1918EF4-71F6-4DE6-9226-16E27A05095B}"
EndProject
Project("{54A90642-561A-4BB1-A94E-469ADEE60C69}") = "3.1", "3.1\3.1.esproj", "{4DFC88F0-0031-4993-B9FE-73E0BD0DF0BB}"
EndProject
Project("{54A90642-561A-4BB1-A94E-469ADEE60C69}") = "3.2", "3.2\3.2.esproj", "{48E0CBD7-4F1A-4C97-9B83-6C8AB26EB7E9}"
EndProject
Project("{9A19103F-16F7-4668-BE54-9A1E7A4F7556}") = "4.1", "4.1\4.1.csproj", "{602F0148-1047-47A2-B0FD-C5C1EC71DEDC}"
EndProject
Project("{9A19103F-16F7-4668-BE54-9A1E7A4F7556}") = "4.2", "4.2\4.2.csproj", "{59DDA01C-F487-4632-9161-8956127B1322}"
EndProject
Project("{9A19103F-16F7-4668-BE54-9A1E7A4F7556}") = "5.1", "5.1\5.1.csproj", "{F8D2A096-AA19-4F4E-B673-3E8F36758FD8}"
EndProject
Project("{9A19103F-16F7-4668-BE54-9A1E7A4F7556}") = "5.2", "5.2\5.2.csproj", "{1411FB61-653B-436E-946B-70CCC19B7464}"
EndProject
Project("{FAE04EC0-301F-11D3-BF4B-00C04F79EFBC}") = "6.1", "6.1\6.1.csproj", "{CE083FA4-3ADE-44D3-9DCB-B03A2A615253}"
EndProject
Project("{FAE04EC0-301F-11D3-BF4B-00C04F79EFBC}") = "6.2", "6.2\6.2.csproj", "{81C1CF5C-086C-4133-996C-095231546D9C}"
EndProject
Global
	GlobalSection(SolutionConfigurationPlatforms) = preSolution
		Debug|Any CPU = Debug|Any CPU
		Release|Any CPU = Release|Any CPU
	EndGlobalSection
	GlobalSection(ProjectConfigurationPlatforms) = postSolution
		{F6CE3A33-8612-41E8-A643-477663A846A1}.Debug|Any CPU.ActiveCfg = Debug|Any CPU
		{F6CE3A33-8612-41E8-A643-477663A846A1}.Debug|Any CPU.Build.0 = Debug|Any CPU
		{F6CE3A33-8612-41E8-A643-477663A846A1}.Release|Any CPU.ActiveCfg = Release|Any CPU
		{F6CE3A33-8612-41E8-A643-477663A846A1}.Release|Any CPU.Build.0 = Release|Any CPU
		{A09B06B3-853F-4837-8BA5-5B96AAEC5015}.Debug|Any CPU.ActiveCfg = Debug|Any CPU
		{A09B06B3-853F-4837-8BA5-5B96AAEC5015}.Debug|Any CPU.Build.0 = Debug|Any CPU
		{A09B06B3-853F-4837-8BA5-5B96AAEC5015}.Release|Any CPU.ActiveCfg = Release|Any CPU
		{A09B06B3-853F-4837-8BA5-5B96AAEC5015}.Release|Any CPU.Build.0 = Release|Any CPU
		{5AFED4EA-4A93-46BA-806C-93F150411E04}.Debug|Any CPU.ActiveCfg = Debug|Any CPU
		{5AFED4EA-4A93-46BA-806C-93F150411E04}.Debug|Any CPU.Build.0 = Debug|Any CPU
		{5AFED4EA-4A93-46BA-806C-93F150411E04}.Release|Any CPU.ActiveCfg = Release|Any CPU
		{5AFED4EA-4A93-46BA-806C-93F150411E04}.Release|Any CPU.Build.0 = Release|Any CPU
		{D1918EF4-71F6-4DE6-9226-16E27A05095B}.Debug|Any CPU.ActiveCfg = Debug|Any CPU
		{D1918EF4-71F6-4DE6-9226-16E27A05095B}.Debug|Any CPU.Build.0 = Debug|Any CPU
		{D1918EF4-71F6-4DE6-9226-16E27A05095B}.Release|Any CPU.ActiveCfg = Release|Any CPU
		{D1918EF4-71F6-4DE6-9226-16E27A05095B}.Release|Any CPU.Build.0 = Release|Any CPU
		{4DFC88F0-0031-4993-B9FE-73E0BD0DF0BB}.Debug|Any CPU.ActiveCfg = Debug|Any CPU
		{4DFC88F0-0031-4993-B9FE-73E0BD0DF0BB}.Debug|Any CPU.Build.0 = Debug|Any CPU
		{4DFC88F0-0031-4993-B9FE-73E0BD0DF0BB}.Debug|Any CPU.Deploy.0 = Debug|Any CPU
		{4DFC88F0-0031-4993-B9FE-73E0BD0DF0BB}.Release|Any CPU.ActiveCfg = Release|Any CPU
		{4DFC88F0-0031-4993-B9FE-73E0BD0DF0BB}.Release|Any CPU.Build.0 = Release|Any CPU
		{4DFC88F0-0031-4993-B9FE-73E0BD0DF0BB}.Release|Any CPU.Deploy.0 = Release|Any CPU
		{48E0CBD7-4F1A-4C97-9B83-6C8AB26EB7E9}.Debug|Any CPU.ActiveCfg = Debug|Any CPU
		{48E0CBD7-4F1A-4C97-9B83-6C8AB26EB7E9}.Debug|Any CPU.Build.0 = Debug|Any CPU
		{48E0CBD7-4F1A-4C97-9B83-6C8AB26EB7E9}.Debug|Any CPU.Deploy.0 = Debug|Any CPU
		{48E0CBD7-4F1A-4C97-9B83-6C8AB26EB7E9}.Release|Any CPU.ActiveCfg = Release|Any CPU
		{48E0CBD7-4F1A-4C97-9B83-6C8AB26EB7E9}.Release|Any CPU.Build.0 = Release|Any CPU
		{48E0CBD7-4F1A-4C97-9B83-6C8AB26EB7E9}.Release|Any CPU.Deploy.0 = Release|Any CPU
		{602F0148-1047-47A2-B0FD-C5C1EC71DEDC}.Debug|Any CPU.ActiveCfg = Debug|Any CPU
		{602F0148-1047-47A2-B0FD-C5C1EC71DEDC}.Debug|Any CPU.Build.0 = Debug|Any CPU
		{602F0148-1047-47A2-B0FD-C5C1EC71DEDC}.Release|Any CPU.ActiveCfg = Release|Any CPU
		{602F0148-1047-47A2-B0FD-C5C1EC71DEDC}.Release|Any CPU.Build.0 = Release|Any CPU
		{59DDA01C-F487-4632-9161-8956127B1322}.Debug|Any CPU.ActiveCfg = Debug|Any CPU
		{59DDA01C-F487-4632-9161-8956127B1322}.Debug|Any CPU.Build.0 = Debug|Any CPU
		{59DDA01C-F487-4632-9161-8956127B1322}.Release|Any CPU.ActiveCfg = Release|Any CPU
		{59DDA01C-F487-4632-9161-8956127B1322}.Release|Any CPU.Build.0 = Release|Any CPU
		{F8D2A096-AA19-4F4E-B673-3E8F36758FD8}.Debug|Any CPU.ActiveCfg = Debug|Any CPU
		{F8D2A096-AA19-4F4E-B673-3E8F36758FD8}.Debug|Any CPU.Build.0 = Debug|Any CPU
		{F8D2A096-AA19-4F4E-B673-3E8F36758FD8}.Release|Any CPU.ActiveCfg = Release|Any CPU
		{F8D2A096-AA19-4F4E-B673-3E8F36758FD8}.Release|Any CPU.Build.0 = Release|Any CPU
		{1411FB61-653B-436E-946B-70CCC19B7464}.Debug|Any CPU.ActiveCfg = Debug|Any CPU
		{1411FB61-653B-436E-946B-70CCC19B7464}.Debug|Any CPU.Build.0 = Debug|Any CPU
		{1411FB61-653B-436E-946B-70CCC19B7464}.Release|Any CPU.ActiveCfg = Release|Any CPU
		{1411FB61-653B-436E-946B-70CCC19B7464}.Release|Any CPU.Build.0 = Release|Any CPU
		{CE083FA4-3ADE-44D3-9DCB-B03A2A615253}.Debug|Any CPU.ActiveCfg = Debug|Any CPU
		{CE083FA4-3ADE-44D3-9DCB-B03A2A615253}.Debug|Any CPU.Build.0 = Debug|Any CPU
		{CE083FA4-3ADE-44D3-9DCB-B03A2A615253}.Release|Any CPU.ActiveCfg = Release|Any CPU
		{CE083FA4-3ADE-44D3-9DCB-B03A2A615253}.Release|Any CPU.Build.0 = Release|Any CPU
		{81C1CF5C-086C-4133-996C-095231546D9C}.Debug|Any CPU.ActiveCfg = Debug|Any CPU
		{81C1CF5C-086C-4133-996C-095231546D9C}.Debug|Any CPU.Build.0 = Debug|Any CPU
		{81C1CF5C-086C-4133-996C-095231546D9C}.Release|Any CPU.ActiveCfg = Release|Any CPU
		{81C1CF5C-086C-4133-996C-095231546D9C}.Release|Any CPU.Build.0 = Release|Any CPU
	EndGlobalSection
	GlobalSection(SolutionProperties) = preSolution
		HideSolutionNode = FALSE
	EndGlobalSection
	GlobalSection(ExtensibilityGlobals) = postSolution
		SolutionGuid = {D2E1A701-3BE2-4157-9E66-F50CE19348EF}
	EndGlobalSection
EndGlobal
