
Microsoft Visual Studio Solution File, Format Version 12.00
# Visual Studio Version 17
VisualStudioVersion = 17.6.33829.357
MinimumVisualStudioVersion = 10.0.40219.1
Project("{9A19103F-16F7-4668-BE54-9A1E7A4F7556}") = "1.1", "1.1\1.1.csproj", "{F6CE3A33-8612-41E8-A643-477663A846A1}"
EndProject
Project("{9A19103F-16F7-4668-BE54-9A1E7A4F7556}") = "1.2", "1.2\1.2.csproj", "{A09B06B3-853F-4837-8BA5-5B96AAEC5015}"
EndProject
Project("{9A19103F-16F7-4668-BE54-9A1E7A4F7556}") = "2.1", "2.1\2.1.csproj", "{5AFED4EA-4A93-46BA-806C-93F150411E04}"
EndProject
Project("{9A19103F-16F7-4668-BE54-9A1E7A4F7556}") = "2.2", "2.2\2.2.csproj", "{D1918EF4-71F6-4DE6-9226-16E27A05095B}"
EndProject
Project("{54A90642-561A-4BB1-A94E-469ADEE60C69}") = "3.1", "3.1\3.1.esproj", "{4DFC88F0-0031-4993-B9FE-73E0BD0DF0BB}"
EndProject
Project("{54A90642-561A-4BB1-A94E-469ADEE60C69}") = "3.2", "3.2\3.2.esproj", "{48E0CBD7-4F1A-4C97-9B83-6C8AB26EB7E9}"
EndProject
Project("{9A19103F-16F7-4668-BE54-9A1E7A4F7556}") = "4.1", "4.1\4.1.csproj", "{602F0148-1047-47A2-B0FD-C5C1EC71DEDC}"
EndProject
Project("{9A19103F-16F7-4668-BE54-9A1E7A4F7556}") = "4.2", "4.2\4.2.csproj", "{59DDA01C-F487-4632-9161-8956127B1322}"
EndProject
Project("{9A19103F-16F7-4668-BE54-9A1E7A4F7556}") = "5.1", "5.1\5.1.csproj", "{F8D2A096-AA19-4F4E-B673-3E8F36758FD8}"
EndProject
Project("{9A19103F-16F7-4668-BE54-9A1E7A4F7556}") = "5.2", "5.2\5.2.csproj", "{1411FB61-653B-436E-946B-70CCC19B7464}"
EndProject
Project("{9A19103F-16F7-4668-BE54-9A1E7A4F7556}") = "6.1", "6.1\6.1.csproj", "{CE083FA4-3ADE-44D3-9DCB-B03A2A615253}"
EndProject
Project("{9A19103F-16F7-4668-BE54-9A1E7A4F7556}") = "6.2", "6.2\6.2.csproj", "{81C1CF5C-086C-4133-996C-095231546D9C}"
EndProject
Project("{9A19103F-16F7-4668-BE54-9A1E7A4F7556}") = "7.1", "7.1\7.1.csproj", "{E9D2F01F-A3E8-40AD-A508-24597DE6FE28}"
EndProject
Project("{9A19103F-16F7-4668-BE54-9A1E7A4F7556}") = "7.2", "7.2\7.2.csproj", "{6494A092-F145-4362-A404-A10C9C5ED7BB}"
EndProject
Project("{9A19103F-16F7-4668-BE54-9A1E7A4F7556}") = "8.1", "8.1\8.1.csproj", "{354F0883-C8E1-451B-910F-53911A4A2500}"
EndProject
Project("{9A19103F-16F7-4668-BE54-9A1E7A4F7556}") = "8.2", "8.2\8.2.csproj", "{CE333EB3-2223-4460-B064-B27BD0E86697}"
EndProject
Project("{9A19103F-16F7-4668-BE54-9A1E7A4F7556}") = "9.1", "9.1\9.1.csproj", "{AF63941B-BD1C-4B40-ACF0-57ACFAA4C351}"
EndProject
Project("{9A19103F-16F7-4668-BE54-9A1E7A4F7556}") = "9.2", "9.2\9.2.csproj", "{F5FB5612-D0BF-4B02-91E8-6222EF63F4BD}"
EndProject
Project("{9A19103F-16F7-4668-BE54-9A1E7A4F7556}") = "10.1", "10.1\10.1.csproj", "{FFAB2C9D-9546-49BE-8730-98E35FC03E5B}"
EndProject
Project("{9A19103F-16F7-4668-BE54-9A1E7A4F7556}") = "10.2", "10.2\10.2.csproj", "{6CEF3DA4-DFC0-45FB-8D38-2A70ADACFE1E}"
EndProject
Project("{9A19103F-16F7-4668-BE54-9A1E7A4F7556}") = "11.1", "11.1\11.1.csproj", "{0C417B99-9C68-4A18-90D1-379A74ABBA1D}"
EndProject
Project("{9A19103F-16F7-4668-BE54-9A1E7A4F7556}") = "11.2", "11.2\11.2.csproj", "{ABEDBF0A-ADC5-40F4-8E0A-C7E974852720}"
EndProject
Project("{9A19103F-16F7-4668-BE54-9A1E7A4F7556}") = "12.1", "12.1\12.1.csproj", "{BDE186F3-971E-4F85-AEA8-70A70B07ED24}"
EndProject
Project("{9A19103F-16F7-4668-BE54-9A1E7A4F7556}") = "12.2", "12.2\12.2.csproj", "{C8F573CC-6B23-4FC8-A000-BCCD6AA969DF}"
EndProject
Project("{9A19103F-16F7-4668-BE54-9A1E7A4F7556}") = "13.1", "13.1\13.1.csproj", "{17C72781-7B51-458A-A726-43DF177F21D1}"
EndProject
Project("{9A19103F-16F7-4668-BE54-9A1E7A4F7556}") = "13.2", "13.2\13.2.csproj", "{56015EBB-3E82-4AA4-8573-A15599355FD8}"
EndProject
Project("{9A19103F-16F7-4668-BE54-9A1E7A4F7556}") = "14.1", "14.1\14.1.csproj", "{9C8BCCAF-FE9F-4C3E-B2B4-75F7BEC1324A}"
EndProject
Project("{9A19103F-16F7-4668-BE54-9A1E7A4F7556}") = "14.2", "14.2\14.2.csproj", "{A6E5E420-EA9A-4714-AEC5-5970795B623B}"
EndProject
Project("{9A19103F-16F7-4668-BE54-9A1E7A4F7556}") = "15.1", "15.1\15.1.csproj", "{912CB454-4456-4A90-9C99-20437702E42D}"
EndProject
Project("{9A19103F-16F7-4668-BE54-9A1E7A4F7556}") = "15.2", "15.2\15.2.csproj", "{94F94EBC-F1AF-40C3-BCF5-B9B7CF70936A}"
EndProject
Project("{9A19103F-16F7-4668-BE54-9A1E7A4F7556}") = "16.1", "16.1\16.1.csproj", "{FD8F8EF6-A9B4-4698-8B34-43C90F904696}"
EndProject
Project("{9A19103F-16F7-4668-BE54-9A1E7A4F7556}") = "16.2", "16.2\16.2.csproj", "{D8143155-EA2A-4349-A6DD-4961C1324B84}"
EndProject
Project("{9A19103F-16F7-4668-BE54-9A1E7A4F7556}") = "17.1", "17.1\17.1.csproj", "{F0B82EEB-506F-4F08-B206-2296AA1AECF8}"
EndProject
Project("{9A19103F-16F7-4668-BE54-9A1E7A4F7556}") = "17.2", "17.2\17.2.csproj", "{27E77DB1-2BC7-4DD0-B973-F1F12F390458}"
EndProject
Project("{9A19103F-16F7-4668-BE54-9A1E7A4F7556}") = "18.1", "18.1\18.1.csproj", "{C410B595-BF07-4883-8505-D5408F089675}"
EndProject
Project("{9A19103F-16F7-4668-BE54-9A1E7A4F7556}") = "18.2", "18.2\18.2.csproj", "{06691FD7-DFC0-408C-942A-7C2E2ACCB703}"
EndProject
Project("{9A19103F-16F7-4668-BE54-9A1E7A4F7556}") = "19.1", "19.1\19.1.csproj", "{E7D8D637-6453-447F-AE23-287F8ACE6133}"
EndProject
Project("{9A19103F-16F7-4668-BE54-9A1E7A4F7556}") = "19.2", "19.2\19.2.csproj", "{43DB7BB4-A44A-41B2-A9B2-107CDFE97077}"
EndProject
Project("{FAE04EC0-301F-11D3-BF4B-00C04F79EFBC}") = "20.1", "20.1\20.1.csproj", "{42873475-0E1D-4A77-8E5F-757E8DFF145A}"
EndProject
Global
	GlobalSection(SolutionConfigurationPlatforms) = preSolution
		Debug|Any CPU = Debug|Any CPU
		Release|Any CPU = Release|Any CPU
	EndGlobalSection
	GlobalSection(ProjectConfigurationPlatforms) = postSolution
		{F6CE3A33-8612-41E8-A643-477663A846A1}.Debug|Any CPU.ActiveCfg = Debug|Any CPU
		{F6CE3A33-8612-41E8-A643-477663A846A1}.Debug|Any CPU.Build.0 = Debug|Any CPU
		{F6CE3A33-8612-41E8-A643-477663A846A1}.Release|Any CPU.ActiveCfg = Release|Any CPU
		{F6CE3A33-8612-41E8-A643-477663A846A1}.Release|Any CPU.Build.0 = Release|Any CPU
		{A09B06B3-853F-4837-8BA5-5B96AAEC5015}.Debug|Any CPU.ActiveCfg = Debug|Any CPU
		{A09B06B3-853F-4837-8BA5-5B96AAEC5015}.Debug|Any CPU.Build.0 = Debug|Any CPU
		{A09B06B3-853F-4837-8BA5-5B96AAEC5015}.Release|Any CPU.ActiveCfg = Release|Any CPU
		{A09B06B3-853F-4837-8BA5-5B96AAEC5015}.Release|Any CPU.Build.0 = Release|Any CPU
		{5AFED4EA-4A93-46BA-806C-93F150411E04}.Debug|Any CPU.ActiveCfg = Debug|Any CPU
		{5AFED4EA-4A93-46BA-806C-93F150411E04}.Debug|Any CPU.Build.0 = Debug|Any CPU
		{5AFED4EA-4A93-46BA-806C-93F150411E04}.Release|Any CPU.ActiveCfg = Release|Any CPU
		{5AFED4EA-4A93-46BA-806C-93F150411E04}.Release|Any CPU.Build.0 = Release|Any CPU
		{D1918EF4-71F6-4DE6-9226-16E27A05095B}.Debug|Any CPU.ActiveCfg = Debug|Any CPU
		{D1918EF4-71F6-4DE6-9226-16E27A05095B}.Debug|Any CPU.Build.0 = Debug|Any CPU
		{D1918EF4-71F6-4DE6-9226-16E27A05095B}.Release|Any CPU.ActiveCfg = Release|Any CPU
		{D1918EF4-71F6-4DE6-9226-16E27A05095B}.Release|Any CPU.Build.0 = Release|Any CPU
		{4DFC88F0-0031-4993-B9FE-73E0BD0DF0BB}.Debug|Any CPU.ActiveCfg = Debug|Any CPU
		{4DFC88F0-0031-4993-B9FE-73E0BD0DF0BB}.Debug|Any CPU.Build.0 = Debug|Any CPU
		{4DFC88F0-0031-4993-B9FE-73E0BD0DF0BB}.Debug|Any CPU.Deploy.0 = Debug|Any CPU
		{4DFC88F0-0031-4993-B9FE-73E0BD0DF0BB}.Release|Any CPU.ActiveCfg = Release|Any CPU
		{4DFC88F0-0031-4993-B9FE-73E0BD0DF0BB}.Release|Any CPU.Build.0 = Release|Any CPU
		{4DFC88F0-0031-4993-B9FE-73E0BD0DF0BB}.Release|Any CPU.Deploy.0 = Release|Any CPU
		{48E0CBD7-4F1A-4C97-9B83-6C8AB26EB7E9}.Debug|Any CPU.ActiveCfg = Debug|Any CPU
		{48E0CBD7-4F1A-4C97-9B83-6C8AB26EB7E9}.Debug|Any CPU.Build.0 = Debug|Any CPU
		{48E0CBD7-4F1A-4C97-9B83-6C8AB26EB7E9}.Debug|Any CPU.Deploy.0 = Debug|Any CPU
		{48E0CBD7-4F1A-4C97-9B83-6C8AB26EB7E9}.Release|Any CPU.ActiveCfg = Release|Any CPU
		{48E0CBD7-4F1A-4C97-9B83-6C8AB26EB7E9}.Release|Any CPU.Build.0 = Release|Any CPU
		{48E0CBD7-4F1A-4C97-9B83-6C8AB26EB7E9}.Release|Any CPU.Deploy.0 = Release|Any CPU
		{602F0148-1047-47A2-B0FD-C5C1EC71DEDC}.Debug|Any CPU.ActiveCfg = Debug|Any CPU
		{602F0148-1047-47A2-B0FD-C5C1EC71DEDC}.Debug|Any CPU.Build.0 = Debug|Any CPU
		{602F0148-1047-47A2-B0FD-C5C1EC71DEDC}.Release|Any CPU.ActiveCfg = Release|Any CPU
		{602F0148-1047-47A2-B0FD-C5C1EC71DEDC}.Release|Any CPU.Build.0 = Release|Any CPU
		{59DDA01C-F487-4632-9161-8956127B1322}.Debug|Any CPU.ActiveCfg = Debug|Any CPU
		{59DDA01C-F487-4632-9161-8956127B1322}.Debug|Any CPU.Build.0 = Debug|Any CPU
		{59DDA01C-F487-4632-9161-8956127B1322}.Release|Any CPU.ActiveCfg = Release|Any CPU
		{59DDA01C-F487-4632-9161-8956127B1322}.Release|Any CPU.Build.0 = Release|Any CPU
		{F8D2A096-AA19-4F4E-B673-3E8F36758FD8}.Debug|Any CPU.ActiveCfg = Debug|Any CPU
		{F8D2A096-AA19-4F4E-B673-3E8F36758FD8}.Debug|Any CPU.Build.0 = Debug|Any CPU
		{F8D2A096-AA19-4F4E-B673-3E8F36758FD8}.Release|Any CPU.ActiveCfg = Release|Any CPU
		{F8D2A096-AA19-4F4E-B673-3E8F36758FD8}.Release|Any CPU.Build.0 = Release|Any CPU
		{1411FB61-653B-436E-946B-70CCC19B7464}.Debug|Any CPU.ActiveCfg = Debug|Any CPU
		{1411FB61-653B-436E-946B-70CCC19B7464}.Debug|Any CPU.Build.0 = Debug|Any CPU
		{1411FB61-653B-436E-946B-70CCC19B7464}.Release|Any CPU.ActiveCfg = Release|Any CPU
		{1411FB61-653B-436E-946B-70CCC19B7464}.Release|Any CPU.Build.0 = Release|Any CPU
		{CE083FA4-3ADE-44D3-9DCB-B03A2A615253}.Debug|Any CPU.ActiveCfg = Debug|Any CPU
		{CE083FA4-3ADE-44D3-9DCB-B03A2A615253}.Debug|Any CPU.Build.0 = Debug|Any CPU
		{CE083FA4-3ADE-44D3-9DCB-B03A2A615253}.Release|Any CPU.ActiveCfg = Release|Any CPU
		{CE083FA4-3ADE-44D3-9DCB-B03A2A615253}.Release|Any CPU.Build.0 = Release|Any CPU
		{81C1CF5C-086C-4133-996C-095231546D9C}.Debug|Any CPU.ActiveCfg = Debug|Any CPU
		{81C1CF5C-086C-4133-996C-095231546D9C}.Debug|Any CPU.Build.0 = Debug|Any CPU
		{81C1CF5C-086C-4133-996C-095231546D9C}.Release|Any CPU.ActiveCfg = Release|Any CPU
		{81C1CF5C-086C-4133-996C-095231546D9C}.Release|Any CPU.Build.0 = Release|Any CPU
		{E9D2F01F-A3E8-40AD-A508-24597DE6FE28}.Debug|Any CPU.ActiveCfg = Debug|Any CPU
		{E9D2F01F-A3E8-40AD-A508-24597DE6FE28}.Debug|Any CPU.Build.0 = Debug|Any CPU
		{E9D2F01F-A3E8-40AD-A508-24597DE6FE28}.Release|Any CPU.ActiveCfg = Release|Any CPU
		{E9D2F01F-A3E8-40AD-A508-24597DE6FE28}.Release|Any CPU.Build.0 = Release|Any CPU
		{6494A092-F145-4362-A404-A10C9C5ED7BB}.Debug|Any CPU.ActiveCfg = Debug|Any CPU
		{6494A092-F145-4362-A404-A10C9C5ED7BB}.Debug|Any CPU.Build.0 = Debug|Any CPU
		{6494A092-F145-4362-A404-A10C9C5ED7BB}.Release|Any CPU.ActiveCfg = Release|Any CPU
		{6494A092-F145-4362-A404-A10C9C5ED7BB}.Release|Any CPU.Build.0 = Release|Any CPU
		{354F0883-C8E1-451B-910F-53911A4A2500}.Debug|Any CPU.ActiveCfg = Debug|Any CPU
		{354F0883-C8E1-451B-910F-53911A4A2500}.Debug|Any CPU.Build.0 = Debug|Any CPU
		{354F0883-C8E1-451B-910F-53911A4A2500}.Release|Any CPU.ActiveCfg = Release|Any CPU
		{354F0883-C8E1-451B-910F-53911A4A2500}.Release|Any CPU.Build.0 = Release|Any CPU
		{CE333EB3-2223-4460-B064-B27BD0E86697}.Debug|Any CPU.ActiveCfg = Debug|Any CPU
		{CE333EB3-2223-4460-B064-B27BD0E86697}.Debug|Any CPU.Build.0 = Debug|Any CPU
		{CE333EB3-2223-4460-B064-B27BD0E86697}.Release|Any CPU.ActiveCfg = Release|Any CPU
		{CE333EB3-2223-4460-B064-B27BD0E86697}.Release|Any CPU.Build.0 = Release|Any CPU
		{AF63941B-BD1C-4B40-ACF0-57ACFAA4C351}.Debug|Any CPU.ActiveCfg = Debug|Any CPU
		{AF63941B-BD1C-4B40-ACF0-57ACFAA4C351}.Debug|Any CPU.Build.0 = Debug|Any CPU
		{AF63941B-BD1C-4B40-ACF0-57ACFAA4C351}.Release|Any CPU.ActiveCfg = Release|Any CPU
		{AF63941B-BD1C-4B40-ACF0-57ACFAA4C351}.Release|Any CPU.Build.0 = Release|Any CPU
		{F5FB5612-D0BF-4B02-91E8-6222EF63F4BD}.Debug|Any CPU.ActiveCfg = Debug|Any CPU
		{F5FB5612-D0BF-4B02-91E8-6222EF63F4BD}.Debug|Any CPU.Build.0 = Debug|Any CPU
		{F5FB5612-D0BF-4B02-91E8-6222EF63F4BD}.Release|Any CPU.ActiveCfg = Release|Any CPU
		{F5FB5612-D0BF-4B02-91E8-6222EF63F4BD}.Release|Any CPU.Build.0 = Release|Any CPU
		{FFAB2C9D-9546-49BE-8730-98E35FC03E5B}.Debug|Any CPU.ActiveCfg = Debug|Any CPU
		{FFAB2C9D-9546-49BE-8730-98E35FC03E5B}.Debug|Any CPU.Build.0 = Debug|Any CPU
		{FFAB2C9D-9546-49BE-8730-98E35FC03E5B}.Release|Any CPU.ActiveCfg = Release|Any CPU
		{FFAB2C9D-9546-49BE-8730-98E35FC03E5B}.Release|Any CPU.Build.0 = Release|Any CPU
		{6CEF3DA4-DFC0-45FB-8D38-2A70ADACFE1E}.Debug|Any CPU.ActiveCfg = Debug|Any CPU
		{6CEF3DA4-DFC0-45FB-8D38-2A70ADACFE1E}.Debug|Any CPU.Build.0 = Debug|Any CPU
		{6CEF3DA4-DFC0-45FB-8D38-2A70ADACFE1E}.Release|Any CPU.ActiveCfg = Release|Any CPU
		{6CEF3DA4-DFC0-45FB-8D38-2A70ADACFE1E}.Release|Any CPU.Build.0 = Release|Any CPU
		{0C417B99-9C68-4A18-90D1-379A74ABBA1D}.Debug|Any CPU.ActiveCfg = Debug|Any CPU
		{0C417B99-9C68-4A18-90D1-379A74ABBA1D}.Debug|Any CPU.Build.0 = Debug|Any CPU
		{0C417B99-9C68-4A18-90D1-379A74ABBA1D}.Release|Any CPU.ActiveCfg = Release|Any CPU
		{0C417B99-9C68-4A18-90D1-379A74ABBA1D}.Release|Any CPU.Build.0 = Release|Any CPU
		{ABEDBF0A-ADC5-40F4-8E0A-C7E974852720}.Debug|Any CPU.ActiveCfg = Debug|Any CPU
		{ABEDBF0A-ADC5-40F4-8E0A-C7E974852720}.Debug|Any CPU.Build.0 = Debug|Any CPU
		{ABEDBF0A-ADC5-40F4-8E0A-C7E974852720}.Release|Any CPU.ActiveCfg = Release|Any CPU
		{ABEDBF0A-ADC5-40F4-8E0A-C7E974852720}.Release|Any CPU.Build.0 = Release|Any CPU
		{BDE186F3-971E-4F85-AEA8-70A70B07ED24}.Debug|Any CPU.ActiveCfg = Debug|Any CPU
		{BDE186F3-971E-4F85-AEA8-70A70B07ED24}.Debug|Any CPU.Build.0 = Debug|Any CPU
		{BDE186F3-971E-4F85-AEA8-70A70B07ED24}.Release|Any CPU.ActiveCfg = Release|Any CPU
		{BDE186F3-971E-4F85-AEA8-70A70B07ED24}.Release|Any CPU.Build.0 = Release|Any CPU
		{C8F573CC-6B23-4FC8-A000-BCCD6AA969DF}.Debug|Any CPU.ActiveCfg = Debug|Any CPU
		{C8F573CC-6B23-4FC8-A000-BCCD6AA969DF}.Debug|Any CPU.Build.0 = Debug|Any CPU
		{C8F573CC-6B23-4FC8-A000-BCCD6AA969DF}.Release|Any CPU.ActiveCfg = Release|Any CPU
		{C8F573CC-6B23-4FC8-A000-BCCD6AA969DF}.Release|Any CPU.Build.0 = Release|Any CPU
		{17C72781-7B51-458A-A726-43DF177F21D1}.Debug|Any CPU.ActiveCfg = Debug|Any CPU
		{17C72781-7B51-458A-A726-43DF177F21D1}.Debug|Any CPU.Build.0 = Debug|Any CPU
		{17C72781-7B51-458A-A726-43DF177F21D1}.Release|Any CPU.ActiveCfg = Release|Any CPU
		{17C72781-7B51-458A-A726-43DF177F21D1}.Release|Any CPU.Build.0 = Release|Any CPU
		{56015EBB-3E82-4AA4-8573-A15599355FD8}.Debug|Any CPU.ActiveCfg = Debug|Any CPU
		{56015EBB-3E82-4AA4-8573-A15599355FD8}.Debug|Any CPU.Build.0 = Debug|Any CPU
		{56015EBB-3E82-4AA4-8573-A15599355FD8}.Release|Any CPU.ActiveCfg = Release|Any CPU
		{56015EBB-3E82-4AA4-8573-A15599355FD8}.Release|Any CPU.Build.0 = Release|Any CPU
		{9C8BCCAF-FE9F-4C3E-B2B4-75F7BEC1324A}.Debug|Any CPU.ActiveCfg = Debug|Any CPU
		{9C8BCCAF-FE9F-4C3E-B2B4-75F7BEC1324A}.Debug|Any CPU.Build.0 = Debug|Any CPU
		{9C8BCCAF-FE9F-4C3E-B2B4-75F7BEC1324A}.Release|Any CPU.ActiveCfg = Release|Any CPU
		{9C8BCCAF-FE9F-4C3E-B2B4-75F7BEC1324A}.Release|Any CPU.Build.0 = Release|Any CPU
		{A6E5E420-EA9A-4714-AEC5-5970795B623B}.Debug|Any CPU.ActiveCfg = Debug|Any CPU
		{A6E5E420-EA9A-4714-AEC5-5970795B623B}.Debug|Any CPU.Build.0 = Debug|Any CPU
		{A6E5E420-EA9A-4714-AEC5-5970795B623B}.Release|Any CPU.ActiveCfg = Release|Any CPU
		{A6E5E420-EA9A-4714-AEC5-5970795B623B}.Release|Any CPU.Build.0 = Release|Any CPU
		{912CB454-4456-4A90-9C99-20437702E42D}.Debug|Any CPU.ActiveCfg = Debug|Any CPU
		{912CB454-4456-4A90-9C99-20437702E42D}.Debug|Any CPU.Build.0 = Debug|Any CPU
		{912CB454-4456-4A90-9C99-20437702E42D}.Release|Any CPU.ActiveCfg = Release|Any CPU
		{912CB454-4456-4A90-9C99-20437702E42D}.Release|Any CPU.Build.0 = Release|Any CPU
		{94F94EBC-F1AF-40C3-BCF5-B9B7CF70936A}.Debug|Any CPU.ActiveCfg = Debug|Any CPU
		{94F94EBC-F1AF-40C3-BCF5-B9B7CF70936A}.Debug|Any CPU.Build.0 = Debug|Any CPU
		{94F94EBC-F1AF-40C3-BCF5-B9B7CF70936A}.Release|Any CPU.ActiveCfg = Release|Any CPU
		{94F94EBC-F1AF-40C3-BCF5-B9B7CF70936A}.Release|Any CPU.Build.0 = Release|Any CPU
		{FD8F8EF6-A9B4-4698-8B34-43C90F904696}.Debug|Any CPU.ActiveCfg = Debug|Any CPU
		{FD8F8EF6-A9B4-4698-8B34-43C90F904696}.Debug|Any CPU.Build.0 = Debug|Any CPU
		{FD8F8EF6-A9B4-4698-8B34-43C90F904696}.Release|Any CPU.ActiveCfg = Release|Any CPU
		{FD8F8EF6-A9B4-4698-8B34-43C90F904696}.Release|Any CPU.Build.0 = Release|Any CPU
		{D8143155-EA2A-4349-A6DD-4961C1324B84}.Debug|Any CPU.ActiveCfg = Debug|Any CPU
		{D8143155-EA2A-4349-A6DD-4961C1324B84}.Debug|Any CPU.Build.0 = Debug|Any CPU
		{D8143155-EA2A-4349-A6DD-4961C1324B84}.Release|Any CPU.ActiveCfg = Release|Any CPU
		{D8143155-EA2A-4349-A6DD-4961C1324B84}.Release|Any CPU.Build.0 = Release|Any CPU
		{F0B82EEB-506F-4F08-B206-2296AA1AECF8}.Debug|Any CPU.ActiveCfg = Debug|Any CPU
		{F0B82EEB-506F-4F08-B206-2296AA1AECF8}.Debug|Any CPU.Build.0 = Debug|Any CPU
		{F0B82EEB-506F-4F08-B206-2296AA1AECF8}.Release|Any CPU.ActiveCfg = Release|Any CPU
		{F0B82EEB-506F-4F08-B206-2296AA1AECF8}.Release|Any CPU.Build.0 = Release|Any CPU
		{27E77DB1-2BC7-4DD0-B973-F1F12F390458}.Debug|Any CPU.ActiveCfg = Debug|Any CPU
		{27E77DB1-2BC7-4DD0-B973-F1F12F390458}.Debug|Any CPU.Build.0 = Debug|Any CPU
		{27E77DB1-2BC7-4DD0-B973-F1F12F390458}.Release|Any CPU.ActiveCfg = Release|Any CPU
		{27E77DB1-2BC7-4DD0-B973-F1F12F390458}.Release|Any CPU.Build.0 = Release|Any CPU
		{C410B595-BF07-4883-8505-D5408F089675}.Debug|Any CPU.ActiveCfg = Debug|Any CPU
		{C410B595-BF07-4883-8505-D5408F089675}.Debug|Any CPU.Build.0 = Debug|Any CPU
		{C410B595-BF07-4883-8505-D5408F089675}.Release|Any CPU.ActiveCfg = Release|Any CPU
		{C410B595-BF07-4883-8505-D5408F089675}.Release|Any CPU.Build.0 = Release|Any CPU
		{06691FD7-DFC0-408C-942A-7C2E2ACCB703}.Debug|Any CPU.ActiveCfg = Debug|Any CPU
		{06691FD7-DFC0-408C-942A-7C2E2ACCB703}.Debug|Any CPU.Build.0 = Debug|Any CPU
		{06691FD7-DFC0-408C-942A-7C2E2ACCB703}.Release|Any CPU.ActiveCfg = Release|Any CPU
		{06691FD7-DFC0-408C-942A-7C2E2ACCB703}.Release|Any CPU.Build.0 = Release|Any CPU
		{E7D8D637-6453-447F-AE23-287F8ACE6133}.Debug|Any CPU.ActiveCfg = Debug|Any CPU
		{E7D8D637-6453-447F-AE23-287F8ACE6133}.Debug|Any CPU.Build.0 = Debug|Any CPU
		{E7D8D637-6453-447F-AE23-287F8ACE6133}.Release|Any CPU.ActiveCfg = Release|Any CPU
		{E7D8D637-6453-447F-AE23-287F8ACE6133}.Release|Any CPU.Build.0 = Release|Any CPU
		{43DB7BB4-A44A-41B2-A9B2-107CDFE97077}.Debug|Any CPU.ActiveCfg = Debug|Any CPU
		{43DB7BB4-A44A-41B2-A9B2-107CDFE97077}.Debug|Any CPU.Build.0 = Debug|Any CPU
		{43DB7BB4-A44A-41B2-A9B2-107CDFE97077}.Release|Any CPU.ActiveCfg = Release|Any CPU
		{43DB7BB4-A44A-41B2-A9B2-107CDFE97077}.Release|Any CPU.Build.0 = Release|Any CPU
		{42873475-0E1D-4A77-8E5F-757E8DFF145A}.Debug|Any CPU.ActiveCfg = Debug|Any CPU
		{42873475-0E1D-4A77-8E5F-757E8DFF145A}.Debug|Any CPU.Build.0 = Debug|Any CPU
		{42873475-0E1D-4A77-8E5F-757E8DFF145A}.Release|Any CPU.ActiveCfg = Release|Any CPU
		{42873475-0E1D-4A77-8E5F-757E8DFF145A}.Release|Any CPU.Build.0 = Release|Any CPU
	EndGlobalSection
	GlobalSection(SolutionProperties) = preSolution
		HideSolutionNode = FALSE
	EndGlobalSection
	GlobalSection(ExtensibilityGlobals) = postSolution
		SolutionGuid = {D2E1A701-3BE2-4157-9E66-F50CE19348EF}
	EndGlobalSection
EndGlobal
